
Microsoft Visual Studio Solution File, Format Version 12.00
# Visual Studio 15
VisualStudioVersion = 15.0.28307.168
MinimumVisualStudioVersion = 10.0.40219.1
Project("{FAE04EC0-301F-11D3-BF4B-00C04F79EFBC}") = "Assessment14-12-18", "Assessment14-12-18\Assessment14-12-18.csproj", "{2E208F9C-7BE2-440B-8341-6287BA06D156}"
EndProject
Project("{FAE04EC0-301F-11D3-BF4B-00C04F79EFBC}") = "Assessment3-14-12-18", "Assessment3-14-12-18\Assessment3-14-12-18.csproj", "{AF7E78B9-ED4D-4958-A8DF-55133E7DD2F4}"
EndProject
Project("{FAE04EC0-301F-11D3-BF4B-00C04F79EFBC}") = "Assessment4-14-12-18", "Assessment4-14-12-18\Assessment4-14-12-18.csproj", "{6E089DE4-4D6A-40B9-A427-01D5E55AFD55}"
EndProject
Global
	GlobalSection(SolutionConfigurationPlatforms) = preSolution
		Debug|Any CPU = Debug|Any CPU
		Release|Any CPU = Release|Any CPU
	EndGlobalSection
	GlobalSection(ProjectConfigurationPlatforms) = postSolution
		{2E208F9C-7BE2-440B-8341-6287BA06D156}.Debug|Any CPU.ActiveCfg = Debug|Any CPU
		{2E208F9C-7BE2-440B-8341-6287BA06D156}.Debug|Any CPU.Build.0 = Debug|Any CPU
		{2E208F9C-7BE2-440B-8341-6287BA06D156}.Release|Any CPU.ActiveCfg = Release|Any CPU
		{2E208F9C-7BE2-440B-8341-6287BA06D156}.Release|Any CPU.Build.0 = Release|Any CPU
		{AF7E78B9-ED4D-4958-A8DF-55133E7DD2F4}.Debug|Any CPU.ActiveCfg = Debug|Any CPU
		{AF7E78B9-ED4D-4958-A8DF-55133E7DD2F4}.Debug|Any CPU.Build.0 = Debug|Any CPU
		{AF7E78B9-ED4D-4958-A8DF-55133E7DD2F4}.Release|Any CPU.ActiveCfg = Release|Any CPU
		{AF7E78B9-ED4D-4958-A8DF-55133E7DD2F4}.Release|Any CPU.Build.0 = Release|Any CPU
		{6E089DE4-4D6A-40B9-A427-01D5E55AFD55}.Debug|Any CPU.ActiveCfg = Debug|Any CPU
		{6E089DE4-4D6A-40B9-A427-01D5E55AFD55}.Debug|Any CPU.Build.0 = Debug|Any CPU
		{6E089DE4-4D6A-40B9-A427-01D5E55AFD55}.Release|Any CPU.ActiveCfg = Release|Any CPU
		{6E089DE4-4D6A-40B9-A427-01D5E55AFD55}.Release|Any CPU.Build.0 = Release|Any CPU
	EndGlobalSection
	GlobalSection(SolutionProperties) = preSolution
		HideSolutionNode = FALSE
	EndGlobalSection
	GlobalSection(ExtensibilityGlobals) = postSolution
		SolutionGuid = {3867F4AB-0094-4043-A9C5-C36909E180BB}
	EndGlobalSection
EndGlobal
